
Microsoft Visual Studio Solution File, Format Version 12.00
# Visual Studio Version 17
VisualStudioVersion = 17.14.36203.30 d17.14
MinimumVisualStudioVersion = 10.0.40219.1
Project("{FAE04EC0-301F-11D3-BF4B-00C04F79EFBC}") = "AddressBookMVC", "AddressBookMVC.csproj", "{265EE1DF-72E5-4785-94CF-7B2BCFBA51C0}"
EndProject
Global
	GlobalSection(SolutionConfigurationPlatforms) = preSolution
		Debug|Any CPU = Debug|Any CPU
		Release|Any CPU = Release|Any CPU
	EndGlobalSection
	GlobalSection(ProjectConfigurationPlatforms) = postSolution
		{265EE1DF-72E5-4785-94CF-7B2BCFBA51C0}.Debug|Any CPU.ActiveCfg = Debug|Any CPU
		{265EE1DF-72E5-4785-94CF-7B2BCFBA51C0}.Debug|Any CPU.Build.0 = Debug|Any CPU
		{265EE1DF-72E5-4785-94CF-7B2BCFBA51C0}.Release|Any CPU.ActiveCfg = Release|Any CPU
		{265EE1DF-72E5-4785-94CF-7B2BCFBA51C0}.Release|Any CPU.Build.0 = Release|Any CPU
	EndGlobalSection
	GlobalSection(SolutionProperties) = preSolution
		HideSolutionNode = FALSE
	EndGlobalSection
	GlobalSection(ExtensibilityGlobals) = postSolution
		SolutionGuid = {32C3652F-E606-4D0C-A3E6-395E0C314874}
	EndGlobalSection
EndGlobal
